
Microsoft Visual Studio Solution File, Format Version 12.00
# Visual Studio 15
VisualStudioVersion = 15.0.27703.2047
MinimumVisualStudioVersion = 10.0.40219.1
Project("{FAE04EC0-301F-11D3-BF4B-00C04F79EFBC}") = "HeadHunterApi", "HeadHunterApi\HeadHunterApi.csproj", "{E8F7491D-A691-4E80-85EB-9814DB8B698B}"
EndProject
Project("{FAE04EC0-301F-11D3-BF4B-00C04F79EFBC}") = "HeadHunterLibrary", "HeadHunterLibrary\HeadHunterLibrary.csproj", "{033B20B3-1216-424E-A682-A06DD9782DF9}"
EndProject
Global
	GlobalSection(SolutionConfigurationPlatforms) = preSolution
		Debug|Any CPU = Debug|Any CPU
		Release|Any CPU = Release|Any CPU
	EndGlobalSection
	GlobalSection(ProjectConfigurationPlatforms) = postSolution
		{E8F7491D-A691-4E80-85EB-9814DB8B698B}.Debug|Any CPU.ActiveCfg = Debug|Any CPU
		{E8F7491D-A691-4E80-85EB-9814DB8B698B}.Debug|Any CPU.Build.0 = Debug|Any CPU
		{E8F7491D-A691-4E80-85EB-9814DB8B698B}.Release|Any CPU.ActiveCfg = Release|Any CPU
		{E8F7491D-A691-4E80-85EB-9814DB8B698B}.Release|Any CPU.Build.0 = Release|Any CPU
		{033B20B3-1216-424E-A682-A06DD9782DF9}.Debug|Any CPU.ActiveCfg = Debug|Any CPU
		{033B20B3-1216-424E-A682-A06DD9782DF9}.Debug|Any CPU.Build.0 = Debug|Any CPU
		{033B20B3-1216-424E-A682-A06DD9782DF9}.Release|Any CPU.ActiveCfg = Release|Any CPU
		{033B20B3-1216-424E-A682-A06DD9782DF9}.Release|Any CPU.Build.0 = Release|Any CPU
	EndGlobalSection
	GlobalSection(SolutionProperties) = preSolution
		HideSolutionNode = FALSE
	EndGlobalSection
	GlobalSection(ExtensibilityGlobals) = postSolution
		SolutionGuid = {ED68A89C-C2F8-49FD-90A2-D5D4C584321E}
	EndGlobalSection
EndGlobal
